
Microsoft Visual Studio Solution File, Format Version 12.00
# Visual Studio Version 17
VisualStudioVersion = 17.5.33516.290
MinimumVisualStudioVersion = 10.0.40219.1
Project("{FAE04EC0-301F-11D3-BF4B-00C04F79EFBC}") = "EsGDi", "EsGDi.csproj", "{C67A0067-6F15-4E57-B82E-718ABF1EDEFA}"
EndProject
Global
	GlobalSection(SolutionConfigurationPlatforms) = preSolution
		Debug|Any CPU = Debug|Any CPU
		Release|Any CPU = Release|Any CPU
	EndGlobalSection
	GlobalSection(ProjectConfigurationPlatforms) = postSolution
		{C67A0067-6F15-4E57-B82E-718ABF1EDEFA}.Debug|Any CPU.ActiveCfg = Debug|Any CPU
		{C67A0067-6F15-4E57-B82E-718ABF1EDEFA}.Debug|Any CPU.Build.0 = Debug|Any CPU
		{C67A0067-6F15-4E57-B82E-718ABF1EDEFA}.Release|Any CPU.ActiveCfg = Release|Any CPU
		{C67A0067-6F15-4E57-B82E-718ABF1EDEFA}.Release|Any CPU.Build.0 = Release|Any CPU
	EndGlobalSection
	GlobalSection(SolutionProperties) = preSolution
		HideSolutionNode = FALSE
	EndGlobalSection
	GlobalSection(ExtensibilityGlobals) = postSolution
		SolutionGuid = {DBD8B5DA-9365-4058-A7D6-011CEDFD4ACB}
	EndGlobalSection
EndGlobal
